// !$*UTF8*$!
{
	archiveVersion = 1;
	classes = {
	};
	objectVersion = 50;
	objects = {

/* Begin PBXBuildFile section */
		4F0AE87A2A1252AF001997ED /* OTPLblCell.swift in Sources */ = {isa = PBXBuildFile; fileRef = 4F0AE8782A1252AF001997ED /* OTPLblCell.swift */; };
		4F0AE87B2A1252AF001997ED /* OTPLblCell.xib in Resources */ = {isa = PBXBuildFile; fileRef = 4F0AE8792A1252AF001997ED /* OTPLblCell.xib */; };
		4F3B5EDF2A0BC36200D64584 /* SignUpScreen.swift in Sources */ = {isa = PBXBuildFile; fileRef = 4F3B5EDE2A0BC36200D64584 /* SignUpScreen.swift */; };
		4F3B8A232A0A5847008A4ECE /* UIVIew+Extension.swift in Sources */ = {isa = PBXBuildFile; fileRef = 4F3B8A222A0A5847008A4ECE /* UIVIew+Extension.swift */; };
		4F5DE8D42A03CC1900FCB074 /* AppDelegate.swift in Sources */ = {isa = PBXBuildFile; fileRef = 4F5DE8D32A03CC1900FCB074 /* AppDelegate.swift */; };
		4F5DE8D62A03CC1900FCB074 /* SceneDelegate.swift in Sources */ = {isa = PBXBuildFile; fileRef = 4F5DE8D52A03CC1900FCB074 /* SceneDelegate.swift */; };
		4F5DE8D82A03CC1900FCB074 /* ViewController.swift in Sources */ = {isa = PBXBuildFile; fileRef = 4F5DE8D72A03CC1900FCB074 /* ViewController.swift */; };
		4F5DE8DB2A03CC1900FCB074 /* Main.storyboard in Resources */ = {isa = PBXBuildFile; fileRef = 4F5DE8D92A03CC1900FCB074 /* Main.storyboard */; };
		4F5DE8DD2A03CC1B00FCB074 /* Assets.xcassets in Resources */ = {isa = PBXBuildFile; fileRef = 4F5DE8DC2A03CC1B00FCB074 /* Assets.xcassets */; };
		4F5DE8E02A03CC1B00FCB074 /* LaunchScreen.storyboard in Resources */ = {isa = PBXBuildFile; fileRef = 4F5DE8DE2A03CC1B00FCB074 /* LaunchScreen.storyboard */; };
		4F5DE8EB2A03CC1B00FCB074 /* SIGNUPPAGETests.swift in Sources */ = {isa = PBXBuildFile; fileRef = 4F5DE8EA2A03CC1B00FCB074 /* SIGNUPPAGETests.swift */; };
		4F5DE8F62A03CC1B00FCB074 /* SIGNUPPAGEUITests.swift in Sources */ = {isa = PBXBuildFile; fileRef = 4F5DE8F52A03CC1B00FCB074 /* SIGNUPPAGEUITests.swift */; };
		4F60CAE82A1F74EA00BB0979 /* UsersNameCell.xib in Resources */ = {isa = PBXBuildFile; fileRef = 4F60CAE62A1F74EA00BB0979 /* UsersNameCell.xib */; };
		4F7943602A0D05F700C30315 /* UserDetailsCell.swift in Sources */ = {isa = PBXBuildFile; fileRef = 4F79435E2A0D05F700C30315 /* UserDetailsCell.swift */; };
		4F7943612A0D05F700C30315 /* UserDetailsCell.xib in Resources */ = {isa = PBXBuildFile; fileRef = 4F79435F2A0D05F700C30315 /* UserDetailsCell.xib */; };
		4F7B78C02A1CC64700972DCE /* UserDetailsScreen.swift in Sources */ = {isa = PBXBuildFile; fileRef = 4F7B78BF2A1CC64700972DCE /* UserDetailsScreen.swift */; };
		4F7B78C82A1CDDB800972DCE /* UserModel.swift in Sources */ = {isa = PBXBuildFile; fileRef = 4F7B78C72A1CDDB800972DCE /* UserModel.swift */; };
		4F7B78CD2A1CE01A00972DCE /* Parser.swift in Sources */ = {isa = PBXBuildFile; fileRef = 4F7B78CC2A1CE01A00972DCE /* Parser.swift */; };
		4FC530512A0E59EB00847FAD /* NoteCustomCell.swift in Sources */ = {isa = PBXBuildFile; fileRef = 4FC5304F2A0E59EB00847FAD /* NoteCustomCell.swift */; };
		4FC530522A0E59EB00847FAD /* NoteCustomCell.xib in Resources */ = {isa = PBXBuildFile; fileRef = 4FC530502A0E59EB00847FAD /* NoteCustomCell.xib */; };
		4FC530652A0E6E1000847FAD /* ConfirmationMsgCell.swift in Sources */ = {isa = PBXBuildFile; fileRef = 4FC530632A0E6E1000847FAD /* ConfirmationMsgCell.swift */; };
		4FC530662A0E6E1000847FAD /* ConfirmationMsgCell.xib in Resources */ = {isa = PBXBuildFile; fileRef = 4FC530642A0E6E1000847FAD /* ConfirmationMsgCell.xib */; };
		4FC5306C2A0E6F0900847FAD /* ContinueBtnCell.swift in Sources */ = {isa = PBXBuildFile; fileRef = 4FC5306A2A0E6F0900847FAD /* ContinueBtnCell.swift */; };
		4FC5306D2A0E6F0900847FAD /* ContinueBtnCell.xib in Resources */ = {isa = PBXBuildFile; fileRef = 4FC5306B2A0E6F0900847FAD /* ContinueBtnCell.xib */; };
		4FF8FBB32A7CCF76001B126A /* UsersNameCell.swift in Sources */ = {isa = PBXBuildFile; fileRef = 4FF8FBB22A7CCF76001B126A /* UsersNameCell.swift */; };
/* End PBXBuildFile section */

/* Begin PBXContainerItemProxy section */
		4F5DE8E72A03CC1B00FCB074 /* PBXContainerItemProxy */ = {
			isa = PBXContainerItemProxy;
			containerPortal = 4F5DE8C82A03CC1900FCB074 /* Project object */;
			proxyType = 1;
			remoteGlobalIDString = 4F5DE8CF2A03CC1900FCB074;
			remoteInfo = SIGNUPPAGE;
		};
		4F5DE8F22A03CC1B00FCB074 /* PBXContainerItemProxy */ = {
			isa = PBXContainerItemProxy;
			containerPortal = 4F5DE8C82A03CC1900FCB074 /* Project object */;
			proxyType = 1;
			remoteGlobalIDString = 4F5DE8CF2A03CC1900FCB074;
			remoteInfo = SIGNUPPAGE;
		};
/* End PBXContainerItemProxy section */

/* Begin PBXFileReference section */
		4F0AE8782A1252AF001997ED /* OTPLblCell.swift */ = {isa = PBXFileReference; lastKnownFileType = sourcecode.swift; path = OTPLblCell.swift; sourceTree = "<group>"; };
		4F0AE8792A1252AF001997ED /* OTPLblCell.xib */ = {isa = PBXFileReference; lastKnownFileType = file.xib; path = OTPLblCell.xib; sourceTree = "<group>"; };
		4F1710742A1B7925009F802F /* SIGNUPPAGE.app */ = {isa = PBXFileReference; explicitFileType = wrapper.application; includeInIndex = 0; path = SIGNUPPAGE.app; sourceTree = BUILT_PRODUCTS_DIR; };
		4F1710752A1B7925009F802F /* SIGNUPPAGETests.xctest */ = {isa = PBXFileReference; explicitFileType = wrapper.cfbundle; includeInIndex = 0; path = SIGNUPPAGETests.xctest; sourceTree = BUILT_PRODUCTS_DIR; };
		4F1710762A1B7925009F802F /* SIGNUPPAGEUITests.xctest */ = {isa = PBXFileReference; explicitFileType = wrapper.cfbundle; includeInIndex = 0; path = SIGNUPPAGEUITests.xctest; sourceTree = BUILT_PRODUCTS_DIR; };
		4F3B5EDE2A0BC36200D64584 /* SignUpScreen.swift */ = {isa = PBXFileReference; lastKnownFileType = sourcecode.swift; path = SignUpScreen.swift; sourceTree = "<group>"; };
		4F3B8A222A0A5847008A4ECE /* UIVIew+Extension.swift */ = {isa = PBXFileReference; lastKnownFileType = sourcecode.swift; path = "UIVIew+Extension.swift"; sourceTree = "<group>"; };
		4F5DE8D32A03CC1900FCB074 /* AppDelegate.swift */ = {isa = PBXFileReference; lastKnownFileType = sourcecode.swift; path = AppDelegate.swift; sourceTree = "<group>"; };
		4F5DE8D52A03CC1900FCB074 /* SceneDelegate.swift */ = {isa = PBXFileReference; lastKnownFileType = sourcecode.swift; path = SceneDelegate.swift; sourceTree = "<group>"; };
		4F5DE8D72A03CC1900FCB074 /* ViewController.swift */ = {isa = PBXFileReference; lastKnownFileType = sourcecode.swift; path = ViewController.swift; sourceTree = "<group>"; };
		4F5DE8DA2A03CC1900FCB074 /* Base */ = {isa = PBXFileReference; lastKnownFileType = file.storyboard; name = Base; path = Base.lproj/Main.storyboard; sourceTree = "<group>"; };
		4F5DE8DC2A03CC1B00FCB074 /* Assets.xcassets */ = {isa = PBXFileReference; lastKnownFileType = folder.assetcatalog; path = Assets.xcassets; sourceTree = "<group>"; };
		4F5DE8DF2A03CC1B00FCB074 /* Base */ = {isa = PBXFileReference; lastKnownFileType = file.storyboard; name = Base; path = Base.lproj/LaunchScreen.storyboard; sourceTree = "<group>"; };
		4F5DE8E12A03CC1B00FCB074 /* Info.plist */ = {isa = PBXFileReference; lastKnownFileType = text.plist.xml; path = Info.plist; sourceTree = "<group>"; };
		4F5DE8EA2A03CC1B00FCB074 /* SIGNUPPAGETests.swift */ = {isa = PBXFileReference; lastKnownFileType = sourcecode.swift; path = SIGNUPPAGETests.swift; sourceTree = "<group>"; };
		4F5DE8EC2A03CC1B00FCB074 /* Info.plist */ = {isa = PBXFileReference; lastKnownFileType = text.plist.xml; path = Info.plist; sourceTree = "<group>"; };
		4F5DE8F52A03CC1B00FCB074 /* SIGNUPPAGEUITests.swift */ = {isa = PBXFileReference; lastKnownFileType = sourcecode.swift; path = SIGNUPPAGEUITests.swift; sourceTree = "<group>"; };
		4F5DE8F72A03CC1B00FCB074 /* Info.plist */ = {isa = PBXFileReference; lastKnownFileType = text.plist.xml; path = Info.plist; sourceTree = "<group>"; };
		4F60CAE62A1F74EA00BB0979 /* UsersNameCell.xib */ = {isa = PBXFileReference; lastKnownFileType = file.xib; path = UsersNameCell.xib; sourceTree = "<group>"; };
		4F79435E2A0D05F700C30315 /* UserDetailsCell.swift */ = {isa = PBXFileReference; lastKnownFileType = sourcecode.swift; path = UserDetailsCell.swift; sourceTree = "<group>"; };
		4F79435F2A0D05F700C30315 /* UserDetailsCell.xib */ = {isa = PBXFileReference; lastKnownFileType = file.xib; path = UserDetailsCell.xib; sourceTree = "<group>"; };
		4F7B78BF2A1CC64700972DCE /* UserDetailsScreen.swift */ = {isa = PBXFileReference; lastKnownFileType = sourcecode.swift; path = UserDetailsScreen.swift; sourceTree = "<group>"; };
		4F7B78C72A1CDDB800972DCE /* UserModel.swift */ = {isa = PBXFileReference; lastKnownFileType = sourcecode.swift; path = UserModel.swift; sourceTree = "<group>"; };
		4F7B78CC2A1CE01A00972DCE /* Parser.swift */ = {isa = PBXFileReference; lastKnownFileType = sourcecode.swift; path = Parser.swift; sourceTree = "<group>"; };
		4FC5304F2A0E59EB00847FAD /* NoteCustomCell.swift */ = {isa = PBXFileReference; lastKnownFileType = sourcecode.swift; path = NoteCustomCell.swift; sourceTree = "<group>"; };
		4FC530502A0E59EB00847FAD /* NoteCustomCell.xib */ = {isa = PBXFileReference; lastKnownFileType = file.xib; path = NoteCustomCell.xib; sourceTree = "<group>"; };
		4FC530632A0E6E1000847FAD /* ConfirmationMsgCell.swift */ = {isa = PBXFileReference; lastKnownFileType = sourcecode.swift; path = ConfirmationMsgCell.swift; sourceTree = "<group>"; };
		4FC530642A0E6E1000847FAD /* ConfirmationMsgCell.xib */ = {isa = PBXFileReference; lastKnownFileType = file.xib; path = ConfirmationMsgCell.xib; sourceTree = "<group>"; };
		4FC5306A2A0E6F0900847FAD /* ContinueBtnCell.swift */ = {isa = PBXFileReference; lastKnownFileType = sourcecode.swift; path = ContinueBtnCell.swift; sourceTree = "<group>"; };
		4FC5306B2A0E6F0900847FAD /* ContinueBtnCell.xib */ = {isa = PBXFileReference; lastKnownFileType = file.xib; path = ContinueBtnCell.xib; sourceTree = "<group>"; };
		4FF8FBB22A7CCF76001B126A /* UsersNameCell.swift */ = {isa = PBXFileReference; lastKnownFileType = sourcecode.swift; path = UsersNameCell.swift; sourceTree = "<group>"; };
/* End PBXFileReference section */

/* Begin PBXFrameworksBuildPhase section */
		4F5DE8CD2A03CC1900FCB074 /* Frameworks */ = {
			isa = PBXFrameworksBuildPhase;
			buildActionMask = 2147483647;
			files = (
			);
			runOnlyForDeploymentPostprocessing = 0;
		};
		4F5DE8E32A03CC1B00FCB074 /* Frameworks */ = {
			isa = PBXFrameworksBuildPhase;
			buildActionMask = 2147483647;
			files = (
			);
			runOnlyForDeploymentPostprocessing = 0;
		};
		4F5DE8EE2A03CC1B00FCB074 /* Frameworks */ = {
			isa = PBXFrameworksBuildPhase;
			buildActionMask = 2147483647;
			files = (
			);
			runOnlyForDeploymentPostprocessing = 0;
		};
/* End PBXFrameworksBuildPhase section */

/* Begin PBXGroup section */
		4F5DE8C72A03CC1900FCB074 = {
			isa = PBXGroup;
			children = (
				4F5DE8D22A03CC1900FCB074 /* SIGNUPPAGE */,
				4F5DE8E92A03CC1B00FCB074 /* SIGNUPPAGETests */,
				4F5DE8F42A03CC1B00FCB074 /* SIGNUPPAGEUITests */,
				4F1710742A1B7925009F802F /* SIGNUPPAGE.app */,
				4F1710752A1B7925009F802F /* SIGNUPPAGETests.xctest */,
				4F1710762A1B7925009F802F /* SIGNUPPAGEUITests.xctest */,
			);
			sourceTree = "<group>";
		};
		4F5DE8D22A03CC1900FCB074 /* SIGNUPPAGE */ = {
			isa = PBXGroup;
			children = (
				4FB711CE2A1B6F7500FB2B20 /*  Model */,
				4FB711CD2A1B6F6A00FB2B20 /* View */,
				4FB711CF2A1B6FAA00FB2B20 /* ViewModel */,
				4FB711D02A1B6FD800FB2B20 /* Utilities */,
				4F5DE8D32A03CC1900FCB074 /* AppDelegate.swift */,
				4F5DE8D52A03CC1900FCB074 /* SceneDelegate.swift */,
				4F5DE8D92A03CC1900FCB074 /* Main.storyboard */,
				4F5DE8DE2A03CC1B00FCB074 /* LaunchScreen.storyboard */,
				4F5DE8DC2A03CC1B00FCB074 /* Assets.xcassets */,
				4F5DE8E12A03CC1B00FCB074 /* Info.plist */,
			);
			path = SIGNUPPAGE;
			sourceTree = "<group>";
		};
		4F5DE8E92A03CC1B00FCB074 /* SIGNUPPAGETests */ = {
			isa = PBXGroup;
			children = (
				4F5DE8EA2A03CC1B00FCB074 /* SIGNUPPAGETests.swift */,
				4F5DE8EC2A03CC1B00FCB074 /* Info.plist */,
			);
			path = SIGNUPPAGETests;
			sourceTree = "<group>";
		};
		4F5DE8F42A03CC1B00FCB074 /* SIGNUPPAGEUITests */ = {
			isa = PBXGroup;
			children = (
				4F5DE8F52A03CC1B00FCB074 /* SIGNUPPAGEUITests.swift */,
				4F5DE8F72A03CC1B00FCB074 /* Info.plist */,
			);
			path = SIGNUPPAGEUITests;
			sourceTree = "<group>";
		};
		4FB711CD2A1B6F6A00FB2B20 /* View */ = {
			isa = PBXGroup;
			children = (
				4F5DE8D72A03CC1900FCB074 /* ViewController.swift */,
				4F3B5EDE2A0BC36200D64584 /* SignUpScreen.swift */,
				4FB711D72A1B702B00FB2B20 /* Cells */,
				4F7B78BF2A1CC64700972DCE /* UserDetailsScreen.swift */,
				4FF8FBC32A7CD063001B126A /* Cells */,
			);
			path = View;
			sourceTree = "<group>";
		};
		4FB711CE2A1B6F7500FB2B20 /*  Model */ = {
			isa = PBXGroup;
			children = (
				4F7B78C72A1CDDB800972DCE /* UserModel.swift */,
			);
			path = " Model";
			sourceTree = "<group>";
		};
		4FB711CF2A1B6FAA00FB2B20 /* ViewModel */ = {
			isa = PBXGroup;
			children = (
				4F7B78CC2A1CE01A00972DCE /* Parser.swift */,
			);
			path = ViewModel;
			sourceTree = "<group>";
		};
		4FB711D02A1B6FD800FB2B20 /* Utilities */ = {
			isa = PBXGroup;
			children = (
				4F3B8A222A0A5847008A4ECE /* UIVIew+Extension.swift */,
			);
			path = Utilities;
			sourceTree = "<group>";
		};
		4FB711D72A1B702B00FB2B20 /* Cells */ = {
			isa = PBXGroup;
			children = (
				4FC530632A0E6E1000847FAD /* ConfirmationMsgCell.swift */,
				4FC530642A0E6E1000847FAD /* ConfirmationMsgCell.xib */,
				4F79435E2A0D05F700C30315 /* UserDetailsCell.swift */,
				4F79435F2A0D05F700C30315 /* UserDetailsCell.xib */,
				4FC5306A2A0E6F0900847FAD /* ContinueBtnCell.swift */,
				4FC5306B2A0E6F0900847FAD /* ContinueBtnCell.xib */,
				4F0AE8782A1252AF001997ED /* OTPLblCell.swift */,
				4F0AE8792A1252AF001997ED /* OTPLblCell.xib */,
				4FC5304F2A0E59EB00847FAD /* NoteCustomCell.swift */,
				4FC530502A0E59EB00847FAD /* NoteCustomCell.xib */,
			);
			path = Cells;
			sourceTree = "<group>";
		};
		4FF8FBC32A7CD063001B126A /* Cells */ = {
			isa = PBXGroup;
			children = (
				4FF8FBB22A7CCF76001B126A /* UsersNameCell.swift */,
				4F60CAE62A1F74EA00BB0979 /* UsersNameCell.xib */,
			);
			name = Cells;
			path = Cells/Cells;
			sourceTree = "<group>";
		};
/* End PBXGroup section */

/* Begin PBXNativeTarget section */
		4F5DE8CF2A03CC1900FCB074 /* SIGNUPPAGE */ = {
			isa = PBXNativeTarget;
			buildConfigurationList = 4F5DE8FA2A03CC1B00FCB074 /* Build configuration list for PBXNativeTarget "SIGNUPPAGE" */;
			buildPhases = (
				4F5DE8CC2A03CC1900FCB074 /* Sources */,
				4F5DE8CD2A03CC1900FCB074 /* Frameworks */,
				4F5DE8CE2A03CC1900FCB074 /* Resources */,
			);
			buildRules = (
			);
			dependencies = (
			);
			name = SIGNUPPAGE;
			productName = SIGNUPPAGE;
			productReference = 4F1710742A1B7925009F802F /* SIGNUPPAGE.app */;
			productType = "com.apple.product-type.application";
		};
		4F5DE8E52A03CC1B00FCB074 /* SIGNUPPAGETests */ = {
			isa = PBXNativeTarget;
			buildConfigurationList = 4F5DE8FD2A03CC1B00FCB074 /* Build configuration list for PBXNativeTarget "SIGNUPPAGETests" */;
			buildPhases = (
				4F5DE8E22A03CC1B00FCB074 /* Sources */,
				4F5DE8E32A03CC1B00FCB074 /* Frameworks */,
				4F5DE8E42A03CC1B00FCB074 /* Resources */,
			);
			buildRules = (
			);
			dependencies = (
				4F5DE8E82A03CC1B00FCB074 /* PBXTargetDependency */,
			);
			name = SIGNUPPAGETests;
			productName = SIGNUPPAGETests;
			productReference = 4F1710752A1B7925009F802F /* SIGNUPPAGETests.xctest */;
			productType = "com.apple.product-type.bundle.unit-test";
		};
		4F5DE8F02A03CC1B00FCB074 /* SIGNUPPAGEUITests */ = {
			isa = PBXNativeTarget;
			buildConfigurationList = 4F5DE9002A03CC1B00FCB074 /* Build configuration list for PBXNativeTarget "SIGNUPPAGEUITests" */;
			buildPhases = (
				4F5DE8ED2A03CC1B00FCB074 /* Sources */,
				4F5DE8EE2A03CC1B00FCB074 /* Frameworks */,
				4F5DE8EF2A03CC1B00FCB074 /* Resources */,
			);
			buildRules = (
			);
			dependencies = (
				4F5DE8F32A03CC1B00FCB074 /* PBXTargetDependency */,
			);
			name = SIGNUPPAGEUITests;
			productName = SIGNUPPAGEUITests;
			productReference = 4F1710762A1B7925009F802F /* SIGNUPPAGEUITests.xctest */;
			productType = "com.apple.product-type.bundle.ui-testing";
		};
/* End PBXNativeTarget section */

/* Begin PBXProject section */
		4F5DE8C82A03CC1900FCB074 /* Project object */ = {
			isa = PBXProject;
			attributes = {
				LastSwiftUpdateCheck = 1240;
				LastUpgradeCheck = 1240;
				TargetAttributes = {
					4F5DE8CF2A03CC1900FCB074 = {
						CreatedOnToolsVersion = 12.4;
					};
					4F5DE8E52A03CC1B00FCB074 = {
						CreatedOnToolsVersion = 12.4;
						TestTargetID = 4F5DE8CF2A03CC1900FCB074;
					};
					4F5DE8F02A03CC1B00FCB074 = {
						CreatedOnToolsVersion = 12.4;
						TestTargetID = 4F5DE8CF2A03CC1900FCB074;
					};
				};
			};
			buildConfigurationList = 4F5DE8CB2A03CC1900FCB074 /* Build configuration list for PBXProject "SIGNUPPAGE" */;
			compatibilityVersion = "Xcode 9.3";
			developmentRegion = en;
			hasScannedForEncodings = 0;
			knownRegions = (
				en,
				Base,
			);
			mainGroup = 4F5DE8C72A03CC1900FCB074;
			productRefGroup = 4F5DE8C72A03CC1900FCB074;
			projectDirPath = "";
			projectRoot = "";
			targets = (
				4F5DE8CF2A03CC1900FCB074 /* SIGNUPPAGE */,
				4F5DE8E52A03CC1B00FCB074 /* SIGNUPPAGETests */,
				4F5DE8F02A03CC1B00FCB074 /* SIGNUPPAGEUITests */,
			);
		};
/* End PBXProject section */

/* Begin PBXResourcesBuildPhase section */
		4F5DE8CE2A03CC1900FCB074 /* Resources */ = {
			isa = PBXResourcesBuildPhase;
			buildActionMask = 2147483647;
			files = (
				4FC530522A0E59EB00847FAD /* NoteCustomCell.xib in Resources */,
				4F0AE87B2A1252AF001997ED /* OTPLblCell.xib in Resources */,
				4F5DE8E02A03CC1B00FCB074 /* LaunchScreen.storyboard in Resources */,
				4F5DE8DD2A03CC1B00FCB074 /* Assets.xcassets in Resources */,
				4F7943612A0D05F700C30315 /* UserDetailsCell.xib in Resources */,
				4F60CAE82A1F74EA00BB0979 /* UsersNameCell.xib in Resources */,
				4F5DE8DB2A03CC1900FCB074 /* Main.storyboard in Resources */,
				4FC530662A0E6E1000847FAD /* ConfirmationMsgCell.xib in Resources */,
				4FC5306D2A0E6F0900847FAD /* ContinueBtnCell.xib in Resources */,
			);
			runOnlyForDeploymentPostprocessing = 0;
		};
		4F5DE8E42A03CC1B00FCB074 /* Resources */ = {
			isa = PBXResourcesBuildPhase;
			buildActionMask = 2147483647;
			files = (
			);
			runOnlyForDeploymentPostprocessing = 0;
		};
		4F5DE8EF2A03CC1B00FCB074 /* Resources */ = {
			isa = PBXResourcesBuildPhase;
			buildActionMask = 2147483647;
			files = (
			);
			runOnlyForDeploymentPostprocessing = 0;
		};
/* End PBXResourcesBuildPhase section */

/* Begin PBXSourcesBuildPhase section */
		4F5DE8CC2A03CC1900FCB074 /* Sources */ = {
			isa = PBXSourcesBuildPhase;
			buildActionMask = 2147483647;
			files = (
				4F7943602A0D05F700C30315 /* UserDetailsCell.swift in Sources */,
				4F7B78C82A1CDDB800972DCE /* UserModel.swift in Sources */,
				4FF8FBB32A7CCF76001B126A /* UsersNameCell.swift in Sources */,
				4F5DE8D82A03CC1900FCB074 /* ViewController.swift in Sources */,
				4F5DE8D42A03CC1900FCB074 /* AppDelegate.swift in Sources */,
				4F7B78CD2A1CE01A00972DCE /* Parser.swift in Sources */,
				4F0AE87A2A1252AF001997ED /* OTPLblCell.swift in Sources */,
				4FC530652A0E6E1000847FAD /* ConfirmationMsgCell.swift in Sources */,
				4F7B78C02A1CC64700972DCE /* UserDetailsScreen.swift in Sources */,
				4F3B8A232A0A5847008A4ECE /* UIVIew+Extension.swift in Sources */,
				4FC530512A0E59EB00847FAD /* NoteCustomCell.swift in Sources */,
				4FC5306C2A0E6F0900847FAD /* ContinueBtnCell.swift in Sources */,
				4F3B5EDF2A0BC36200D64584 /* SignUpScreen.swift in Sources */,
				4F5DE8D62A03CC1900FCB074 /* SceneDelegate.swift in Sources */,
			);
			runOnlyForDeploymentPostprocessing = 0;
		};
		4F5DE8E22A03CC1B00FCB074 /* Sources */ = {
			isa = PBXSourcesBuildPhase;
			buildActionMask = 2147483647;
			files = (
				4F5DE8EB2A03CC1B00FCB074 /* SIGNUPPAGETests.swift in Sources */,
			);
			runOnlyForDeploymentPostprocessing = 0;
		};
		4F5DE8ED2A03CC1B00FCB074 /* Sources */ = {
			isa = PBXSourcesBuildPhase;
			buildActionMask = 2147483647;
			files = (
				4F5DE8F62A03CC1B00FCB074 /* SIGNUPPAGEUITests.swift in Sources */,
			);
			runOnlyForDeploymentPostprocessing = 0;
		};
/* End PBXSourcesBuildPhase section */

/* Begin PBXTargetDependency section */
		4F5DE8E82A03CC1B00FCB074 /* PBXTargetDependency */ = {
			isa = PBXTargetDependency;
			target = 4F5DE8CF2A03CC1900FCB074 /* SIGNUPPAGE */;
			targetProxy = 4F5DE8E72A03CC1B00FCB074 /* PBXContainerItemProxy */;
		};
		4F5DE8F32A03CC1B00FCB074 /* PBXTargetDependency */ = {
			isa = PBXTargetDependency;
			target = 4F5DE8CF2A03CC1900FCB074 /* SIGNUPPAGE */;
			targetProxy = 4F5DE8F22A03CC1B00FCB074 /* PBXContainerItemProxy */;
		};
/* End PBXTargetDependency section */

/* Begin PBXVariantGroup section */
		4F5DE8D92A03CC1900FCB074 /* Main.storyboard */ = {
			isa = PBXVariantGroup;
			children = (
				4F5DE8DA2A03CC1900FCB074 /* Base */,
			);
			name = Main.storyboard;
			sourceTree = "<group>";
		};
		4F5DE8DE2A03CC1B00FCB074 /* LaunchScreen.storyboard */ = {
			isa = PBXVariantGroup;
			children = (
				4F5DE8DF2A03CC1B00FCB074 /* Base */,
			);
			name = LaunchScreen.storyboard;
			sourceTree = "<group>";
		};
/* End PBXVariantGroup section */

/* Begin XCBuildConfiguration section */
		4F5DE8F82A03CC1B00FCB074 /* Debug */ = {
			isa = XCBuildConfiguration;
			buildSettings = {
				ALWAYS_SEARCH_USER_PATHS = NO;
				CLANG_ANALYZER_NONNULL = YES;
				CLANG_ANALYZER_NUMBER_OBJECT_CONVERSION = YES_AGGRESSIVE;
				CLANG_CXX_LANGUAGE_STANDARD = "gnu++14";
				CLANG_CXX_LIBRARY = "libc++";
				CLANG_ENABLE_MODULES = YES;
				CLANG_ENABLE_OBJC_ARC = YES;
				CLANG_ENABLE_OBJC_WEAK = YES;
				CLANG_WARN_BLOCK_CAPTURE_AUTORELEASING = YES;
				CLANG_WARN_BOOL_CONVERSION = YES;
				CLANG_WARN_COMMA = YES;
				CLANG_WARN_CONSTANT_CONVERSION = YES;
				CLANG_WARN_DEPRECATED_OBJC_IMPLEMENTATIONS = YES;
				CLANG_WARN_DIRECT_OBJC_ISA_USAGE = YES_ERROR;
				CLANG_WARN_DOCUMENTATION_COMMENTS = YES;
				CLANG_WARN_EMPTY_BODY = YES;
				CLANG_WARN_ENUM_CONVERSION = YES;
				CLANG_WARN_INFINITE_RECURSION = YES;
				CLANG_WARN_INT_CONVERSION = YES;
				CLANG_WARN_NON_LITERAL_NULL_CONVERSION = YES;
				CLANG_WARN_OBJC_IMPLICIT_RETAIN_SELF = YES;
				CLANG_WARN_OBJC_LITERAL_CONVERSION = YES;
				CLANG_WARN_OBJC_ROOT_CLASS = YES_ERROR;
				CLANG_WARN_QUOTED_INCLUDE_IN_FRAMEWORK_HEADER = YES;
				CLANG_WARN_RANGE_LOOP_ANALYSIS = YES;
				CLANG_WARN_STRICT_PROTOTYPES = YES;
				CLANG_WARN_SUSPICIOUS_MOVE = YES;
				CLANG_WARN_UNGUARDED_AVAILABILITY = YES_AGGRESSIVE;
				CLANG_WARN_UNREACHABLE_CODE = YES;
				CLANG_WARN__DUPLICATE_METHOD_MATCH = YES;
				COPY_PHASE_STRIP = NO;
				DEBUG_INFORMATION_FORMAT = dwarf;
				ENABLE_STRICT_OBJC_MSGSEND = YES;
				ENABLE_TESTABILITY = YES;
				GCC_C_LANGUAGE_STANDARD = gnu11;
				GCC_DYNAMIC_NO_PIC = NO;
				GCC_NO_COMMON_BLOCKS = YES;
				GCC_OPTIMIZATION_LEVEL = 0;
				GCC_PREPROCESSOR_DEFINITIONS = (
					"DEBUG=1",
					"$(inherited)",
				);
				GCC_WARN_64_TO_32_BIT_CONVERSION = YES;
				GCC_WARN_ABOUT_RETURN_TYPE = YES_ERROR;
				GCC_WARN_UNDECLARED_SELECTOR = YES;
				GCC_WARN_UNINITIALIZED_AUTOS = YES_AGGRESSIVE;
				GCC_WARN_UNUSED_FUNCTION = YES;
				GCC_WARN_UNUSED_VARIABLE = YES;
				IPHONEOS_DEPLOYMENT_TARGET = 14.4;
				MTL_ENABLE_DEBUG_INFO = INCLUDE_SOURCE;
				MTL_FAST_MATH = YES;
				ONLY_ACTIVE_ARCH = YES;
				SDKROOT = iphoneos;
				SWIFT_ACTIVE_COMPILATION_CONDITIONS = DEBUG;
				SWIFT_OPTIMIZATION_LEVEL = "-Onone";
			};
			name = Debug;
		};
		4F5DE8F92A03CC1B00FCB074 /* Release */ = {
			isa = XCBuildConfiguration;
			buildSettings = {
				ALWAYS_SEARCH_USER_PATHS = NO;
				CLANG_ANALYZER_NONNULL = YES;
				CLANG_ANALYZER_NUMBER_OBJECT_CONVERSION = YES_AGGRESSIVE;
				CLANG_CXX_LANGUAGE_STANDARD = "gnu++14";
				CLANG_CXX_LIBRARY = "libc++";
				CLANG_ENABLE_MODULES = YES;
				CLANG_ENABLE_OBJC_ARC = YES;
				CLANG_ENABLE_OBJC_WEAK = YES;
				CLANG_WARN_BLOCK_CAPTURE_AUTORELEASING = YES;
				CLANG_WARN_BOOL_CONVERSION = YES;
				CLANG_WARN_COMMA = YES;
				CLANG_WARN_CONSTANT_CONVERSION = YES;
				CLANG_WARN_DEPRECATED_OBJC_IMPLEMENTATIONS = YES;
				CLANG_WARN_DIRECT_OBJC_ISA_USAGE = YES_ERROR;
				CLANG_WARN_DOCUMENTATION_COMMENTS = YES;
				CLANG_WARN_EMPTY_BODY = YES;
				CLANG_WARN_ENUM_CONVERSION = YES;
				CLANG_WARN_INFINITE_RECURSION = YES;
				CLANG_WARN_INT_CONVERSION = YES;
				CLANG_WARN_NON_LITERAL_NULL_CONVERSION = YES;
				CLANG_WARN_OBJC_IMPLICIT_RETAIN_SELF = YES;
				CLANG_WARN_OBJC_LITERAL_CONVERSION = YES;
				CLANG_WARN_OBJC_ROOT_CLASS = YES_ERROR;
				CLANG_WARN_QUOTED_INCLUDE_IN_FRAMEWORK_HEADER = YES;
				CLANG_WARN_RANGE_LOOP_ANALYSIS = YES;
				CLANG_WARN_STRICT_PROTOTYPES = YES;
				CLANG_WARN_SUSPICIOUS_MOVE = YES;
				CLANG_WARN_UNGUARDED_AVAILABILITY = YES_AGGRESSIVE;
				CLANG_WARN_UNREACHABLE_CODE = YES;
				CLANG_WARN__DUPLICATE_METHOD_MATCH = YES;
				COPY_PHASE_STRIP = NO;
				DEBUG_INFORMATION_FORMAT = "dwarf-with-dsym";
				ENABLE_NS_ASSERTIONS = NO;
				ENABLE_STRICT_OBJC_MSGSEND = YES;
				GCC_C_LANGUAGE_STANDARD = gnu11;
				GCC_NO_COMMON_BLOCKS = YES;
				GCC_WARN_64_TO_32_BIT_CONVERSION = YES;
				GCC_WARN_ABOUT_RETURN_TYPE = YES_ERROR;
				GCC_WARN_UNDECLARED_SELECTOR = YES;
				GCC_WARN_UNINITIALIZED_AUTOS = YES_AGGRESSIVE;
				GCC_WARN_UNUSED_FUNCTION = YES;
				GCC_WARN_UNUSED_VARIABLE = YES;
				IPHONEOS_DEPLOYMENT_TARGET = 14.4;
				MTL_ENABLE_DEBUG_INFO = NO;
				MTL_FAST_MATH = YES;
				SDKROOT = iphoneos;
				SWIFT_COMPILATION_MODE = wholemodule;
				SWIFT_OPTIMIZATION_LEVEL = "-O";
				VALIDATE_PRODUCT = YES;
			};
			name = Release;
		};
		4F5DE8FB2A03CC1B00FCB074 /* Debug */ = {
			isa = XCBuildConfiguration;
			buildSettings = {
				ASSETCATALOG_COMPILER_APPICON_NAME = AppIcon;
				ASSETCATALOG_COMPILER_GLOBAL_ACCENT_COLOR_NAME = AccentColor;
				CODE_SIGN_STYLE = Automatic;
				INFOPLIST_FILE = SIGNUPPAGE/Info.plist;
				LD_RUNPATH_SEARCH_PATHS = (
					"$(inherited)",
					"@executable_path/Frameworks",
				);
				PRODUCT_BUNDLE_IDENTIFIER = com.Sampletest.SIGNUPPAGE;
				PRODUCT_NAME = "$(TARGET_NAME)";
				SWIFT_VERSION = 5.0;
				TARGETED_DEVICE_FAMILY = "1,2";
			};
			name = Debug;
		};
		4F5DE8FC2A03CC1B00FCB074 /* Release */ = {
			isa = XCBuildConfiguration;
			buildSettings = {
				ASSETCATALOG_COMPILER_APPICON_NAME = AppIcon;
				ASSETCATALOG_COMPILER_GLOBAL_ACCENT_COLOR_NAME = AccentColor;
				CODE_SIGN_STYLE = Automatic;
				INFOPLIST_FILE = SIGNUPPAGE/Info.plist;
				LD_RUNPATH_SEARCH_PATHS = (
					"$(inherited)",
					"@executable_path/Frameworks",
				);
				PRODUCT_BUNDLE_IDENTIFIER = com.Sampletest.SIGNUPPAGE;
				PRODUCT_NAME = "$(TARGET_NAME)";
				SWIFT_VERSION = 5.0;
				TARGETED_DEVICE_FAMILY = "1,2";
			};
			name = Release;
		};
		4F5DE8FE2A03CC1B00FCB074 /* Debug */ = {
			isa = XCBuildConfiguration;
			buildSettings = {
				ALWAYS_EMBED_SWIFT_STANDARD_LIBRARIES = YES;
				BUNDLE_LOADER = "$(TEST_HOST)";
				CODE_SIGN_STYLE = Automatic;
				INFOPLIST_FILE = SIGNUPPAGETests/Info.plist;
				IPHONEOS_DEPLOYMENT_TARGET = 14.4;
				LD_RUNPATH_SEARCH_PATHS = (
					"$(inherited)",
					"@executable_path/Frameworks",
					"@loader_path/Frameworks",
				);
				PRODUCT_BUNDLE_IDENTIFIER = com.Sampletest.SIGNUPPAGETests;
				PRODUCT_NAME = "$(TARGET_NAME)";
				SWIFT_VERSION = 5.0;
				TARGETED_DEVICE_FAMILY = "1,2";
				TEST_HOST = "$(BUILT_PRODUCTS_DIR)/SIGNUPPAGE.app/SIGNUPPAGE";
			};
			name = Debug;
		};
		4F5DE8FF2A03CC1B00FCB074 /* Release */ = {
			isa = XCBuildConfiguration;
			buildSettings = {
				ALWAYS_EMBED_SWIFT_STANDARD_LIBRARIES = YES;
				BUNDLE_LOADER = "$(TEST_HOST)";
				CODE_SIGN_STYLE = Automatic;
				INFOPLIST_FILE = SIGNUPPAGETests/Info.plist;
				IPHONEOS_DEPLOYMENT_TARGET = 14.4;
				LD_RUNPATH_SEARCH_PATHS = (
					"$(inherited)",
					"@executable_path/Frameworks",
					"@loader_path/Frameworks",
				);
				PRODUCT_BUNDLE_IDENTIFIER = com.Sampletest.SIGNUPPAGETests;
				PRODUCT_NAME = "$(TARGET_NAME)";
				SWIFT_VERSION = 5.0;
				TARGETED_DEVICE_FAMILY = "1,2";
				TEST_HOST = "$(BUILT_PRODUCTS_DIR)/SIGNUPPAGE.app/SIGNUPPAGE";
			};
			name = Release;
		};
		4F5DE9012A03CC1B00FCB074 /* Debug */ = {
			isa = XCBuildConfiguration;
			buildSettings = {
				ALWAYS_EMBED_SWIFT_STANDARD_LIBRARIES = YES;
				CODE_SIGN_STYLE = Automatic;
				INFOPLIST_FILE = SIGNUPPAGEUITests/Info.plist;
				LD_RUNPATH_SEARCH_PATHS = (
					"$(inherited)",
					"@executable_path/Frameworks",
					"@loader_path/Frameworks",
				);
				PRODUCT_BUNDLE_IDENTIFIER = com.Sampletest.SIGNUPPAGEUITests;
				PRODUCT_NAME = "$(TARGET_NAME)";
				SWIFT_VERSION = 5.0;
				TARGETED_DEVICE_FAMILY = "1,2";
				TEST_TARGET_NAME = SIGNUPPAGE;
			};
			name = Debug;
		};
		4F5DE9022A03CC1B00FCB074 /* Release */ = {
			isa = XCBuildConfiguration;
			buildSettings = {
				ALWAYS_EMBED_SWIFT_STANDARD_LIBRARIES = YES;
				CODE_SIGN_STYLE = Automatic;
				INFOPLIST_FILE = SIGNUPPAGEUITests/Info.plist;
				LD_RUNPATH_SEARCH_PATHS = (
					"$(inherited)",
					"@executable_path/Frameworks",
					"@loader_path/Frameworks",
				);
				PRODUCT_BUNDLE_IDENTIFIER = com.Sampletest.SIGNUPPAGEUITests;
				PRODUCT_NAME = "$(TARGET_NAME)";
				SWIFT_VERSION = 5.0;
				TARGETED_DEVICE_FAMILY = "1,2";
				TEST_TARGET_NAME = SIGNUPPAGE;
			};
			name = Release;
		};
/* End XCBuildConfiguration section */

/* Begin XCConfigurationList section */
		4F5DE8CB2A03CC1900FCB074 /* Build configuration list for PBXProject "SIGNUPPAGE" */ = {
			isa = XCConfigurationList;
			buildConfigurations = (
				4F5DE8F82A03CC1B00FCB074 /* Debug */,
				4F5DE8F92A03CC1B00FCB074 /* Release */,
			);
			defaultConfigurationIsVisible = 0;
			defaultConfigurationName = Release;
		};
		4F5DE8FA2A03CC1B00FCB074 /* Build configuration list for PBXNativeTarget "SIGNUPPAGE" */ = {
			isa = XCConfigurationList;
			buildConfigurations = (
				4F5DE8FB2A03CC1B00FCB074 /* Debug */,
				4F5DE8FC2A03CC1B00FCB074 /* Release */,
			);
			defaultConfigurationIsVisible = 0;
			defaultConfigurationName = Release;
		};
		4F5DE8FD2A03CC1B00FCB074 /* Build configuration list for PBXNativeTarget "SIGNUPPAGETests" */ = {
			isa = XCConfigurationList;
			buildConfigurations = (
				4F5DE8FE2A03CC1B00FCB074 /* Debug */,
				4F5DE8FF2A03CC1B00FCB074 /* Release */,
			);
			defaultConfigurationIsVisible = 0;
			defaultConfigurationName = Release;
		};
		4F5DE9002A03CC1B00FCB074 /* Build configuration list for PBXNativeTarget "SIGNUPPAGEUITests" */ = {
			isa = XCConfigurationList;
			buildConfigurations = (
				4F5DE9012A03CC1B00FCB074 /* Debug */,
				4F5DE9022A03CC1B00FCB074 /* Release */,
			);
			defaultConfigurationIsVisible = 0;
			defaultConfigurationName = Release;
		};
/* End XCConfigurationList section */
	};
	rootObject = 4F5DE8C82A03CC1900FCB074 /* Project object */;
}
